
Microsoft Visual Studio Solution File, Format Version 12.00
# Visual Studio Version 17
VisualStudioVersion = 17.14.36623.8 d17.14
MinimumVisualStudioVersion = 10.0.40219.1
Project("{8BC9CEB8-8B4A-11D0-8D11-00A0C91BC942}") = "StaticLib1", "StaticLib1\StaticLib1.vcxproj", "{D100245B-23DF-4B86-A94F-C2A126F04CD0}"
EndProject
Project("{8BC9CEB8-8B4A-11D0-8D11-00A0C91BC942}") = "ConsoleApplication1", "ConsoleApplication1\ConsoleApplication1.vcxproj", "{69609E44-8D0C-4EF2-879E-02D333F56D2E}"
EndProject
Global
	GlobalSection(SolutionConfigurationPlatforms) = preSolution
		Debug|x64 = Debug|x64
		Debug|x86 = Debug|x86
		Release|x64 = Release|x64
		Release|x86 = Release|x86
	EndGlobalSection
	GlobalSection(ProjectConfigurationPlatforms) = postSolution
		{D100245B-23DF-4B86-A94F-C2A126F04CD0}.Debug|x64.ActiveCfg = Debug|x64
		{D100245B-23DF-4B86-A94F-C2A126F04CD0}.Debug|x64.Build.0 = Debug|x64
		{D100245B-23DF-4B86-A94F-C2A126F04CD0}.Debug|x86.ActiveCfg = Debug|Win32
		{D100245B-23DF-4B86-A94F-C2A126F04CD0}.Debug|x86.Build.0 = Debug|Win32
		{D100245B-23DF-4B86-A94F-C2A126F04CD0}.Release|x64.ActiveCfg = Release|x64
		{D100245B-23DF-4B86-A94F-C2A126F04CD0}.Release|x64.Build.0 = Release|x64
		{D100245B-23DF-4B86-A94F-C2A126F04CD0}.Release|x86.ActiveCfg = Release|Win32
		{D100245B-23DF-4B86-A94F-C2A126F04CD0}.Release|x86.Build.0 = Release|Win32
		{69609E44-8D0C-4EF2-879E-02D333F56D2E}.Debug|x64.ActiveCfg = Debug|x64
		{69609E44-8D0C-4EF2-879E-02D333F56D2E}.Debug|x64.Build.0 = Debug|x64
		{69609E44-8D0C-4EF2-879E-02D333F56D2E}.Debug|x86.ActiveCfg = Debug|Win32
		{69609E44-8D0C-4EF2-879E-02D333F56D2E}.Debug|x86.Build.0 = Debug|Win32
		{69609E44-8D0C-4EF2-879E-02D333F56D2E}.Release|x64.ActiveCfg = Release|x64
		{69609E44-8D0C-4EF2-879E-02D333F56D2E}.Release|x64.Build.0 = Release|x64
		{69609E44-8D0C-4EF2-879E-02D333F56D2E}.Release|x86.ActiveCfg = Release|Win32
		{69609E44-8D0C-4EF2-879E-02D333F56D2E}.Release|x86.Build.0 = Release|Win32
	EndGlobalSection
	GlobalSection(SolutionProperties) = preSolution
		HideSolutionNode = FALSE
	EndGlobalSection
	GlobalSection(ExtensibilityGlobals) = postSolution
		SolutionGuid = {AAE4CDB2-08E4-458D-B523-BCCEE87D1663}
	EndGlobalSection
EndGlobal
